GEM
  remote: https://rubygems.org/
  specs:
    activesupport (8.1.2)
      base64
      bigdecimal
      concurrent-ruby (~> 1.0, >= 1.3.1)
      connection_pool (>= 2.2.5)
      drb
      i18n (>= 1.6, < 2)
      json
      logger (>= 1.4.2)
      minitest (>= 5.1)
      securerandom (>= 0.3)
      tzinfo (~> 2.0, >= 2.0.5)
      uri (>= 0.13.1)
    addressable (2.8.8)
      public_suffix (>= 2.0.2, < 8.0)
    ast (2.4.3)
    async (2.36.0)
      console (~> 1.29)
      fiber-annotation
      io-event (~> 1.11)
      metrics (~> 0.12)
      traces (~> 0.18)
    async-http (0.94.2)
      async (>= 2.10.2)
      async-pool (~> 0.11)
      io-endpoint (~> 0.14)
      io-stream (~> 0.6)
      metrics (~> 0.12)
      protocol-http (~> 0.58)
      protocol-http1 (~> 0.36)
      protocol-http2 (~> 0.22)
      protocol-url (~> 0.2)
      traces (~> 0.10)
    async-http-faraday (0.22.1)
      async-http (~> 0.42)
      faraday
    async-pool (0.11.1)
      async (>= 2.0)
    base64 (0.3.0)
    bcrypt_pbkdf (1.1.2)
    bcrypt_pbkdf (1.1.2-arm64-darwin)
    bcrypt_pbkdf (1.1.2-x86_64-darwin)
    beaker (7.4.1)
      base64 (>= 0.2.0, < 1)
      bcrypt_pbkdf (>= 1.0, < 2.0)
      beaker-hostgenerator (~> 3.0)
      benchmark (>= 0.3, < 0.6)
      ed25519 (>= 1.2, < 2.0)
      hocon (~> 1.0)
      in-parallel (>= 0.1, < 2.0)
      inifile (~> 3.0)
      logger (< 2)
      minitar (>= 0.12, < 2)
      minitest (>= 5.4, < 7)
      net-scp (>= 1.2, < 5.0)
      net-ssh (~> 7.1)
      pstore (< 1)
      readline (~> 0.0.4)
      rexml (~> 3.2, >= 3.2.5)
      rsync (~> 1.0.9)
      stringify-hash (~> 0.0)
      thor (>= 1.0.1, < 2.0)
    beaker-docker (3.1.1)
      beaker (>= 4, < 8)
      docker-api (~> 2.3)
      excon (>= 1.2.5, < 2, != 1.2.6)
      stringify-hash (~> 0.0.0)
    beaker-hiera (2.1.0)
      beaker (>= 4, < 8)
    beaker-hostgenerator (3.4.0)
      deep_merge (~> 1.0)
    beaker-rspec (9.1.0)
      beaker (>= 4.0, < 8)
      rspec (~> 3.0)
      serverspec (~> 2)
      specinfra (~> 2)
    beaker-vagrant (2.0.0)
      beaker (>= 4, < 8)
    beaker_puppet_helpers (3.2.1)
      beaker (>= 5.8.1, < 8)
      nokogiri (~> 1.18, >= 1.18.10)
      open-uri (< 0.6)
      puppet-modulebuilder (>= 0.3, < 3)
    benchmark (0.5.0)
    bigdecimal (4.0.1)
    builder (3.3.0)
    childprocess (5.1.0)
      logger (~> 1.5)
    coderay (1.1.3)
    concurrent-ruby (1.3.6)
    connection_pool (3.0.2)
    console (1.34.3)
      fiber-annotation
      fiber-local (~> 1.1)
      json
    date (3.5.1)
    deep_merge (1.2.2)
    diff-lcs (1.6.2)
    docker-api (2.4.0)
      excon (>= 0.64.0)
      multi_json
    drb (2.2.3)
    ed25519 (1.4.0)
    erb (6.0.2)
    erubi (1.13.1)
    excon (1.3.2)
      logger
    facterdb (4.2.0)
      jgrep (~> 1.5, >= 1.5.4)
    faraday (2.14.1)
      faraday-net_http (>= 2.0, < 3.5)
      json
      logger
    faraday-http-cache (2.6.1)
      faraday (>= 0.8)
    faraday-net_http (3.4.2)
      net-http (~> 0.5)
    faraday-retry (2.4.0)
      faraday (~> 2.0)
    fast_gettext (4.1.1)
      prime
      racc
    ffi (1.17.3-aarch64-linux-gnu)
    ffi (1.17.3-aarch64-linux-musl)
    ffi (1.17.3-arm-linux-gnu)
    ffi (1.17.3-arm-linux-musl)
    ffi (1.17.3-arm64-darwin)
    ffi (1.17.3-x86_64-darwin)
    ffi (1.17.3-x86_64-linux-gnu)
    ffi (1.17.3-x86_64-linux-musl)
    fiber-annotation (0.2.0)
    fiber-local (1.1.0)
      fiber-storage
    fiber-storage (1.0.1)
    fiddle (1.1.8)
    formatador (1.2.3)
      reline
    forwardable (1.4.0)
    getoptlong (0.2.1)
    github_changelog_generator (1.16.4)
      activesupport
      async (>= 1.25.0)
      async-http-faraday
      faraday-http-cache
      multi_json
      octokit (~> 4.6)
      rainbow (>= 2.2.1)
      rake (>= 10.0)
    gssapi (1.3.1)
      ffi (>= 1.0.1)
    guard (2.20.1)
      formatador (>= 0.2.4)
      listen (>= 2.7, < 4.0)
      logger (~> 1.6)
      lumberjack (>= 1.0.12, < 2.0)
      nenv (~> 0.1)
      notiffany (~> 0.0)
      pry (>= 0.13.0)
      shellany (~> 0.0)
      thor (>= 0.18.1)
    guard-rake (1.0.0)
      guard
      rake
    gyoku (1.4.0)
      builder (>= 2.1.2)
      rexml (~> 3.0)
    hocon (1.4.0)
    httpclient (2.9.0)
      mutex_m
    i18n (1.14.8)
      concurrent-ruby (~> 1.0)
    in-parallel (1.0.1)
    inifile (3.0.0)
    iniparse (1.5.0)
    io-console (0.8.2)
    io-endpoint (0.17.2)
    io-event (1.14.2)
    io-stream (0.11.1)
    irb (1.17.0)
      pp (>= 0.6.0)
      prism (>= 1.3.0)
      rdoc (>= 4.0.0)
      reline (>= 0.4.2)
    jgrep (1.5.4)
    json (2.18.1)
    json-schema (6.1.0)
      addressable (~> 2.8)
      bigdecimal (>= 3.1, < 5)
    listen (3.10.0)
      logger
      rb-fsevent (~> 0.10, >= 0.10.3)
      rb-inotify (~> 0.9, >= 0.9.10)
    little-plugger (1.1.4)
    locale (2.1.5)
      fiddle
    logger (1.7.0)
    logging (2.4.0)
      little-plugger (~> 1.1)
      multi_json (~> 1.14)
    lumberjack (1.4.2)
    metadata-json-lint (5.0.0)
      json-schema (>= 2.8, < 7.0)
      semantic_puppet (~> 1.0)
      spdx-licenses (~> 1.0)
    method_source (1.1.0)
    metrics (0.15.0)
    minitar (1.1.0)
    minitest (6.0.2)
      drb (~> 2.0)
      prism (~> 1.5)
    multi_json (1.19.1)
    mutex_m (0.3.0)
    nenv (0.3.0)
    net-http (0.9.1)
      uri (>= 0.11.1)
    net-scp (4.1.0)
      net-ssh (>= 2.6.5, < 8.0.0)
    net-ssh (7.3.0)
    net-telnet (0.2.0)
    nokogiri (1.19.1-aarch64-linux-gnu)
      racc (~> 1.4)
    nokogiri (1.19.1-aarch64-linux-musl)
      racc (~> 1.4)
    nokogiri (1.19.1-arm-linux-gnu)
      racc (~> 1.4)
    nokogiri (1.19.1-arm-linux-musl)
      racc (~> 1.4)
    nokogiri (1.19.1-arm64-darwin)
      racc (~> 1.4)
    nokogiri (1.19.1-x86_64-darwin)
      racc (~> 1.4)
    nokogiri (1.19.1-x86_64-linux-gnu)
      racc (~> 1.4)
    nokogiri (1.19.1-x86_64-linux-musl)
      racc (~> 1.4)
    nori (2.7.1)
      bigdecimal
    notiffany (0.1.3)
      nenv (~> 0.1)
      shellany (~> 0.0)
    octokit (4.25.1)
      faraday (>= 1, < 3)
      sawyer (~> 0.9)
    open-uri (0.5.0)
      stringio
      time
      uri
    openfact (5.5.0)
      base64 (>= 0.1, < 0.4)
      benchmark (< 0.6)
      hocon (~> 1.3)
      logger (~> 1.5)
      ostruct (< 0.7)
      thor (>= 1.0.1, < 2)
      tsort (< 0.3)
    openvox (8.25.0)
      base64 (>= 0.1, < 0.4)
      benchmark (>= 0.2, < 0.6)
      concurrent-ruby (~> 1.0)
      deep_merge (~> 1.0)
      fast_gettext (>= 2.1, < 5)
      getoptlong (~> 0.2.0)
      locale (~> 2.1)
      openfact (~> 5.0)
      ostruct (>= 0.5.5, < 0.7)
      puppet-resource_api (~> 2.0)
      racc (~> 1.5)
      scanf (~> 1.0)
      semantic_puppet (~> 1.0)
    openvox-strings (6.1.0)
      irb (< 2)
      openvox (>= 8.24, < 9)
      rgen (>= 0.9, < 0.11)
      yard (~> 0.9)
    ostruct (0.6.3)
    overcommit (0.68.0)
      childprocess (>= 0.6.3, < 6)
      iniparse (~> 1.4)
      rexml (>= 3.3.9)
    parallel (1.27.0)
    parallel_tests (5.6.0)
      parallel
    parser (3.3.10.2)
      ast (~> 2.4.1)
      racc
    pathspec (2.1.0)
    pp (0.6.3)
      prettyprint
    prettyprint (0.2.0)
    prime (0.1.4)
      forwardable
      singleton
    prism (1.9.0)
    protocol-hpack (1.5.1)
    protocol-http (0.59.0)
    protocol-http1 (0.37.0)
      protocol-http (~> 0.58)
    protocol-http2 (0.24.0)
      protocol-hpack (~> 1.4)
      protocol-http (~> 0.47)
    protocol-url (0.4.0)
    pry (0.16.0)
      coderay (~> 1.1)
      method_source (~> 1.0)
      reline (>= 0.6.0)
    pstore (0.2.1)
    psych (5.3.1)
      date
      stringio
    public_suffix (7.0.2)
    puppet-blacksmith (9.1.0)
      base64 (>= 0.2, < 0.4)
      puppet-modulebuilder (~> 2.0, >= 2.0.2)
    puppet-lint (5.1.1)
    puppet-lint-absolute_classname-check (5.0.0)
      puppet-lint (~> 5.1)
    puppet-lint-anchor-check (3.0.0)
      puppet-lint (~> 5.1)
    puppet-lint-exec_idempotency-check (2.0.0)
      puppet-lint (~> 5.1)
    puppet-lint-file_ensure-check (3.0.0)
      puppet-lint (~> 5.1)
    puppet-lint-leading_zero-check (3.0.0)
      puppet-lint (~> 5.1)
    puppet-lint-lookup_in_parameter-check (3.0.0)
      puppet-lint (~> 5.1)
    puppet-lint-manifest_whitespace-check (2.0.0)
      puppet-lint (~> 5.1)
    puppet-lint-optional_default-check (3.0.0)
      puppet-lint (~> 5.1)
    puppet-lint-package_ensure-check (0.2.0)
      puppet-lint (>= 1.0)
    puppet-lint-param-docs (3.0.0)
      puppet-lint (~> 5.1)
    puppet-lint-param-types (3.0.0)
      puppet-lint (~> 5.1)
    puppet-lint-params_empty_string-check (3.0.0)
      puppet-lint (~> 5.1)
    puppet-lint-params_not_optional_with_undef-check (1.0.0)
      puppet-lint (~> 5.1)
    puppet-lint-resource_reference_syntax (3.0.0)
      puppet-lint (~> 5.1)
    puppet-lint-strict_indent-check (5.0.0)
      puppet-lint (~> 5.1)
    puppet-lint-topscope-variable-check (3.0.0)
      puppet-lint (~> 5.1)
    puppet-lint-trailing_comma-check (3.0.1)
      puppet-lint (~> 5.1)
    puppet-lint-unquoted_string-check (4.1.0)
      puppet-lint (~> 5.1)
    puppet-lint-variable_contains_upcase (3.0.0)
      puppet-lint (~> 5.1)
    puppet-lint-version_comparison-check (3.0.0)
      puppet-lint (~> 5.1)
    puppet-modulebuilder (2.1.0)
      minitar (>= 0.9, < 2)
      pathspec (>= 0.2.1, < 3.0.0)
    puppet-resource_api (2.0.0)
      hocon (>= 1.0)
    puppet-syntax (7.2.0)
      openvox (>= 8, < 9)
      rake (~> 13.1)
    puppet_fixtures (2.2.1)
      logger (< 2)
      rake (~> 13.0)
    puppet_metadata (6.0.0)
      metadata-json-lint (>= 2.0, < 6)
      semantic_puppet (~> 1.0)
    racc (1.8.1)
    rainbow (3.1.1)
    rake (13.3.1)
    rb-fsevent (0.11.2)
    rb-inotify (0.11.1)
      ffi (~> 1.0)
    rdoc (7.2.0)
      erb
      psych (>= 4.0.0)
      tsort
    readline (0.0.4)
      reline
    regexp_parser (2.11.3)
    reline (0.6.3)
      io-console (~> 0.5)
    rexml (3.4.4)
    rgen (0.10.2)
    rspec (3.13.2)
      rspec-core (~> 3.13.0)
      rspec-expectations (~> 3.13.0)
      rspec-mocks (~> 3.13.0)
    rspec-core (3.13.6)
      rspec-support (~> 3.13.0)
    rspec-expectations (3.13.5)
      diff-lcs (>= 1.2.0, < 2.0)
      rspec-support (~> 3.13.0)
    rspec-github (3.0.0)
      rspec-core (~> 3.0)
    rspec-its (2.0.0)
      rspec-core (>= 3.13.0)
      rspec-expectations (>= 3.13.0)
    rspec-mocks (3.13.7)
      diff-lcs (>= 1.2.0, < 2.0)
      rspec-support (~> 3.13.0)
    rspec-puppet (5.0.0)
      rspec (~> 3.0)
    rspec-puppet-facts (6.1.0)
      deep_merge (~> 1.2)
      facterdb (>= 3.1, < 5.0)
      openfact (~> 5.0)
    rspec-support (3.13.7)
    rsync (1.0.9)
    rubocop (1.50.2)
      json (~> 2.3)
      parallel (~> 1.10)
      parser (>= 3.2.0.0)
      rainbow (>= 2.2.2, < 4.0)
      regexp_parser (>= 1.8, < 3.0)
      rexml (>= 3.2.5, < 4.0)
      rubocop-ast (>= 1.28.0, < 2.0)
      ruby-progressbar (~> 1.7)
      unicode-display_width (>= 2.4.0, < 3.0)
    rubocop-ast (1.49.0)
      parser (>= 3.3.7.2)
      prism (~> 1.7)
    rubocop-capybara (2.21.0)
      rubocop (~> 1.41)
    rubocop-rake (0.6.0)
      rubocop (~> 1.0)
    rubocop-rspec (2.20.0)
      rubocop (~> 1.33)
      rubocop-capybara (~> 2.17)
    ruby-progressbar (1.13.0)
    rubyntlm (0.6.5)
      base64
    sawyer (0.9.3)
      addressable (>= 2.3.5)
      faraday (>= 0.17.3, < 3)
    scanf (1.0.0)
    securerandom (0.4.1)
    semantic_puppet (1.1.1)
    serverspec (2.43.0)
      multi_json
      rspec (~> 3.0)
      rspec-its
      specinfra (~> 2.72)
    sfl (2.3)
    shellany (0.0.1)
    singleton (0.3.0)
    spdx-licenses (1.4.0)
    specinfra (2.94.2)
      base64
      net-scp
      net-ssh (>= 2.7)
      net-telnet
      sfl
    stringify-hash (0.0.2)
    stringio (3.2.0)
    syslog (0.3.0)
      logger
    thor (1.5.0)
    time (0.4.2)
      date
    traces (0.18.2)
    tsort (0.2.0)
    tzinfo (2.0.6)
      concurrent-ruby (~> 1.0)
    unicode-display_width (2.6.0)
    uri (1.1.1)
    voxpupuli-acceptance (4.3.0)
      bcrypt_pbkdf (~> 1.1)
      beaker (>= 6.0, < 8)
      beaker-docker (>= 2.1, < 4)
      beaker-hiera (>= 1.0, < 3)
      beaker-hostgenerator (>= 2.2, < 4)
      beaker-rspec (>= 8.0.1, < 10)
      beaker-vagrant (>= 1.2, < 3)
      beaker_puppet_helpers (>= 2.2, < 4)
      puppet-modulebuilder (~> 2.0, >= 2.0.2)
      puppet_fixtures (>= 0.1, < 3)
      rake (~> 13.0, >= 13.0.6)
      rspec-github (>= 2.0, < 4)
      serverspec (~> 2.42, >= 2.42.2)
      winrm (~> 2.3, >= 2.3.6)
    voxpupuli-puppet-lint-plugins (7.0.0)
      puppet-lint (~> 5.1)
      puppet-lint-absolute_classname-check (~> 5.0)
      puppet-lint-anchor-check (~> 3.0)
      puppet-lint-exec_idempotency-check (~> 2.0)
      puppet-lint-file_ensure-check (~> 3.0)
      puppet-lint-leading_zero-check (~> 3.0)
      puppet-lint-lookup_in_parameter-check (~> 3.0)
      puppet-lint-manifest_whitespace-check (~> 2.0)
      puppet-lint-optional_default-check (~> 3.0)
      puppet-lint-package_ensure-check (~> 0.2)
      puppet-lint-param-docs (~> 3.0)
      puppet-lint-param-types (~> 3.0)
      puppet-lint-params_empty_string-check (~> 3.0)
      puppet-lint-params_not_optional_with_undef-check (~> 1.0)
      puppet-lint-resource_reference_syntax (~> 3.0)
      puppet-lint-strict_indent-check (~> 5.0)
      puppet-lint-topscope-variable-check (~> 3.0)
      puppet-lint-trailing_comma-check (~> 3.0)
      puppet-lint-unquoted_string-check (~> 4.0)
      puppet-lint-variable_contains_upcase (~> 3.0)
      puppet-lint-version_comparison-check (~> 3.0)
    voxpupuli-release (5.2.0)
      faraday-retry (~> 2.1)
      github_changelog_generator (~> 1.16, >= 1.16.4)
      openvox-strings (>= 5, < 7)
      puppet-blacksmith (>= 8.0, < 10)
      rake (~> 13.0, >= 13.0.6)
      syslog (>= 0.3.0, < 0.5)
    voxpupuli-test (13.2.0)
      facterdb (>= 3.1, < 5.0)
      metadata-json-lint (>= 4.0, < 6)
      openvox-strings (>= 5.0, < 7)
      parallel_tests (>= 4.2, < 6)
      puppet-syntax (>= 6.0, < 8)
      puppet_fixtures (>= 0.1, < 3)
      rake (~> 13.0, >= 13.0.6)
      rspec-github (>= 2.0, < 4)
      rspec-puppet (~> 5.0)
      rspec-puppet-facts (>= 5.4, < 7)
      rubocop (~> 1.50.0)
      rubocop-rake (~> 0.6.0)
      rubocop-rspec (~> 2.20.0)
      syslog (~> 0.3.0)
      voxpupuli-puppet-lint-plugins (>= 6.0, < 8)
    winrm (2.3.9)
      builder (>= 2.1.2)
      erubi (~> 1.8)
      gssapi (~> 1.2)
      gyoku (~> 1.0)
      httpclient (~> 2.2, >= 2.2.0.2)
      logging (>= 1.6.1, < 3.0)
      nori (~> 2.0, >= 2.7.1)
      rexml (~> 3.0)
      rubyntlm (~> 0.6.0, >= 0.6.3)
    yard (0.9.38)

PLATFORMS
  aarch64-linux-gnu
  aarch64-linux-musl
  arm-linux-gnu
  arm-linux-musl
  arm64-darwin
  x86_64-darwin
  x86_64-linux-gnu
  x86_64-linux-musl

DEPENDENCIES
  guard-rake
  openvox (>= 7, < 9)
  overcommit (>= 0.39.1)
  puppet_metadata (~> 6.0)
  rake
  voxpupuli-acceptance (~> 4.0)
  voxpupuli-release (~> 5.0)
  voxpupuli-test (~> 13.0)

CHECKSUMS
  activesupport (8.1.2) sha256=88842578ccd0d40f658289b0e8c842acfe9af751afee2e0744a7873f50b6fdae
  addressable (2.8.8) sha256=7c13b8f9536cf6364c03b9d417c19986019e28f7c00ac8132da4eb0fe393b057
  ast (2.4.3) sha256=954615157c1d6a382bc27d690d973195e79db7f55e9765ac7c481c60bdb4d383
  async (2.36.0) sha256=090623f4c65706664355c9efa6c7bfb86771a513e65cd681c51cb27747530550
  async-http (0.94.2) sha256=c5ca94b337976578904a373833abe5b8dfb466a2946af75c4ae38c409c5c78b2
  async-http-faraday (0.22.1) sha256=414c3197f32157bc0a7a187b1fb4c669097a8ef71832613eff2371c9808e9923
  async-pool (0.11.1) sha256=98e1583e199a75f7dc70f8e65fc8d0d3b28636c3f256595d43e206642ad8fbda
  base64 (0.3.0) sha256=27337aeabad6ffae05c265c450490628ef3ebd4b67be58257393227588f5a97b
  bcrypt_pbkdf (1.1.2) sha256=c2414c23ce66869b3eb9f643d6a3374d8322dfb5078125c82792304c10b94cf6
  bcrypt_pbkdf (1.1.2-arm64-darwin) sha256=afdd6feb6ed5a97b8e44caacb3f2d641b98af78e6a516d4a3520b69af5cf9fea
  bcrypt_pbkdf (1.1.2-x86_64-darwin) sha256=35f5639d0058e6c2cc2f856f9c0b14080543268d3047abe6bc81c513093caa0e
  beaker (7.4.1) sha256=aec5cf45ddd07a22288fe290d95e040bb19cbddb0f77f8ac17643190f4422c46
  beaker-docker (3.1.1) sha256=a5ac71d379b185adff08b678ff837b97860565b0c48be1d4628cb9b559e62bbd
  beaker-hiera (2.1.0) sha256=aed40aa000c9db147ab8e92f5784b3c2b328301ea860c7b22fafec2fb1baa1f6
  beaker-hostgenerator (3.4.0) sha256=2da161b15dd21ef512cbac6ab6fd23130eab16f019106a60d980acb79d2c52e1
  beaker-rspec (9.1.0) sha256=80efe788ebcf257f96dbe580f6af44e08e077d6878742baa1414b68042ffee6b
  beaker-vagrant (2.0.0) sha256=866c8ecceaca21da651bcd92f4d64181db402dcf253596ce89d93320b476f440
  beaker_puppet_helpers (3.2.1) sha256=1cab5afc3a1cb6f387a38fc8169f58120182ddeed1c60d7947e30842fdf28be8
  benchmark (0.5.0) sha256=465df122341aedcb81a2a24b4d3bd19b6c67c1530713fd533f3ff034e419236c
  bigdecimal (4.0.1) sha256=8b07d3d065a9f921c80ceaea7c9d4ae596697295b584c296fe599dd0ad01c4a7
  builder (3.3.0) sha256=497918d2f9dca528fdca4b88d84e4ef4387256d984b8154e9d5d3fe5a9c8835f
  childprocess (5.1.0) sha256=9a8d484be2fd4096a0e90a0cd3e449a05bc3aa33f8ac9e4d6dcef6ac1455b6ec
  coderay (1.1.3) sha256=dc530018a4684512f8f38143cd2a096c9f02a1fc2459edcfe534787a7fc77d4b
  concurrent-ruby (1.3.6) sha256=6b56837e1e7e5292f9864f34b69c5a2cbc75c0cf5338f1ce9903d10fa762d5ab
  connection_pool (3.0.2) sha256=33fff5ba71a12d2aa26cb72b1db8bba2a1a01823559fb01d29eb74c286e62e0a
  console (1.34.3) sha256=869fbd74697efc4c606f102d2812b0b008e4e7fd738a91c591e8577140ec0dcc
  date (3.5.1) sha256=750d06384d7b9c15d562c76291407d89e368dda4d4fff957eb94962d325a0dc0
  deep_merge (1.2.2) sha256=83ced3a3d7f95f67de958d2ce41b1874e83c8d94fe2ddbff50c8b4b82323563a
  diff-lcs (1.6.2) sha256=9ae0d2cba7d4df3075fe8cd8602a8604993efc0dfa934cff568969efb1909962
  docker-api (2.4.0) sha256=824be734f4cc8718189be9c8e795b6414acbbf7e8b082a06f959a27dd8dd63e6
  drb (2.2.3) sha256=0b00d6fdb50995fe4a45dea13663493c841112e4068656854646f418fda13373
  ed25519 (1.4.0) sha256=16e97f5198689a154247169f3453ef4cfd3f7a47481fde0ae33206cdfdcac506
  erb (6.0.2) sha256=9fe6264d44f79422c87490a1558479bd0e7dad4dd0e317656e67ea3077b5242b
  erubi (1.13.1) sha256=a082103b0885dbc5ecf1172fede897f9ebdb745a4b97a5e8dc63953db1ee4ad9
  excon (1.3.2) sha256=a089babe98638e58042a7d542b2bbd183304527e33d612b6dde22fa491a544a5
  facterdb (4.2.0) sha256=57d1e33f9c69612b1cdc785f73f18d61b24b5e71a30e29d3d62ec27d18fba964
  faraday (2.14.1) sha256=a43cceedc1e39d188f4d2cdd360a8aaa6a11da0c407052e426ba8d3fb42ef61c
  faraday-http-cache (2.6.1) sha256=7772ae61c5fe1c0243452dec1f069b15bcc3304e9436e4f8545ccdb5963c4285
  faraday-net_http (3.4.2) sha256=f147758260d3526939bf57ecf911682f94926a3666502e24c69992765875906c
  faraday-retry (2.4.0) sha256=7b79c48fb7e56526faf247b12d94a680071ff40c9fda7cf1ec1549439ad11ebe
  fast_gettext (4.1.1) sha256=e8c532f6945b0dc31efb2e91366bd56630bc3ae6a05a4126937124e40366efd8
  ffi (1.17.3-aarch64-linux-gnu) sha256=28ad573df26560f0aedd8a90c3371279a0b2bd0b4e834b16a2baa10bd7a97068
  ffi (1.17.3-aarch64-linux-musl) sha256=020b33b76775b1abacc3b7d86b287cef3251f66d747092deec592c7f5df764b2
  ffi (1.17.3-arm-linux-gnu) sha256=5bd4cea83b68b5ec0037f99c57d5ce2dd5aa438f35decc5ef68a7d085c785668
  ffi (1.17.3-arm-linux-musl) sha256=0d7626bb96265f9af78afa33e267d71cfef9d9a8eb8f5525344f8da6c7d76053
  ffi (1.17.3-arm64-darwin) sha256=0c690555d4cee17a7f07c04d59df39b2fba74ec440b19da1f685c6579bb0717f
  ffi (1.17.3-x86_64-darwin) sha256=1f211811eb5cfaa25998322cdd92ab104bfbd26d1c4c08471599c511f2c00bb5
  ffi (1.17.3-x86_64-linux-gnu) sha256=3746b01f677aae7b16dc1acb7cb3cc17b3e35bdae7676a3f568153fb0e2c887f
  ffi (1.17.3-x86_64-linux-musl) sha256=086b221c3a68320b7564066f46fed23449a44f7a1935f1fe5a245bd89d9aea56
  fiber-annotation (0.2.0) sha256=7abfadf1d119f508867d4103bf231c0354d019cc39a5738945dec2edadaf6c03
  fiber-local (1.1.0) sha256=c885f94f210fb9b05737de65d511136ea602e00c5105953748aa0f8793489f06
  fiber-storage (1.0.1) sha256=f48e5b6d8b0be96dac486332b55cee82240057065dc761c1ea692b2e719240e1
  fiddle (1.1.8) sha256=7fa8ee3627271497f3add5503acdbc3f40b32f610fc1cf49634f083ef3f32eee
  formatador (1.2.3) sha256=19fa898133c2c26cdbb5d09f6998c1e137ad9427a046663e55adfe18b950d894
  forwardable (1.4.0) sha256=f1cd40cc9812937980e1c76f1aa053660990a7c9b6a98fc37d945468afcce838
  getoptlong (0.2.1) sha256=fd23f07397b994bf9310d4531cfdb4332629a9b8e8c9c457c32b7edf5bf21ba5
  github_changelog_generator (1.16.4) sha256=21d2dfe41d50cf3a7ffe896774779d9d61da6aaf08d390f8ddff0dacbdf8a611
  gssapi (1.3.1) sha256=c51cf30842ee39bd93ce7fc33e20405ff8a04cda9dec6092071b61258284aee1
  guard (2.20.1) sha256=ab9cd7873854e6b76080c0589f781ff3e390e441bdda20165804df54f977015a
  guard-rake (1.0.0) sha256=5d7e388bdbf0f83b3e0d6bdaa3c4009c53a4e4062c0cb1d83eafad39fd9ccccd
  gyoku (1.4.0) sha256=389d887384c777f271cb9377bb642f20bbe0c633d1ef5af78569d4db53c1a2cd
  hocon (1.4.0) sha256=e71023ed7c56ae780ec34c0ce7789a233bcead08c045d50bc7b3af40f5afcd80
  httpclient (2.9.0) sha256=4b645958e494b2f86c2f8a2f304c959baa273a310e77a2931ddb986d83e498c8
  i18n (1.14.8) sha256=285778639134865c5e0f6269e0b818256017e8cde89993fdfcbfb64d088824a5
  in-parallel (1.0.1) sha256=75a50b6f850d7669fb1fe9113ff4a1fe2dcbd68f36c5ddaa27322694c1352448
  inifile (3.0.0) sha256=b103eb3655ec93cc626cf2de00950e91f7e69b8398842968e17e1815cfacbfb0
  iniparse (1.5.0) sha256=36a165e98d8a250b7631c4a7f9afba32af78f089970cd6446a39771189c761f1
  io-console (0.8.2) sha256=d6e3ae7a7cc7574f4b8893b4fca2162e57a825b223a177b7afa236c5ef9814cc
  io-endpoint (0.17.2) sha256=3feaf766c116b35839c11fac68b6aaadc47887bb488902a57bf8e1d288fb3338
  io-event (1.14.2) sha256=b0a069190eafe86005c22f7464f744971b5bd82f153740d34e6ab49548d4f613
  io-stream (0.11.1) sha256=fa5f551fcff99581c1757b9d1cee2c37b124f07d2ca4f40b756a05ab9bd21b87
  irb (1.17.0) sha256=168c4ddb93d8a361a045c41d92b2952c7a118fa73f23fe14e55609eb7a863aae
  jgrep (1.5.4) sha256=521585588687103b4d65951c17d29e2ea64edc45babe97f34bce7cfebafe44db
  json (2.18.1) sha256=fe112755501b8d0466b5ada6cf50c8c3f41e897fa128ac5d263ec09eedc9f986
  json-schema (6.1.0) sha256=6bf70a2cfb6dfd5a06da28093fa8190f324c88eabd36a7f47097f227321dc702
  listen (3.10.0) sha256=c6e182db62143aeccc2e1960033bebe7445309c7272061979bb098d03760c9d2
  little-plugger (1.1.4) sha256=d5f347c00d9d648040ef7c17d6eb09d3d0719adf19ca30d1a3b6fb26d0a631bb
  locale (2.1.5) sha256=1c6803e8aa6bdb2c29e91945d095050601bf6d58474993575adf6f3b89b32ef4
  logger (1.7.0) sha256=196edec7cc44b66cfb40f9755ce11b392f21f7967696af15d274dde7edff0203
  logging (2.4.0) sha256=ba8893a3c211b836f4131bb93b3eb3137a0c3b1fcd0ec3d570e324d8bdc00ccb
  lumberjack (1.4.2) sha256=40de5ae46321380c835031bcc1370f13bba304d29f2b5f5bb152061a5a191b95
  metadata-json-lint (5.0.0) sha256=401b277a9832d9dfde496113003bb88312fc3b4656f343056fa188b65d1964a0
  method_source (1.1.0) sha256=181301c9c45b731b4769bc81e8860e72f9161ad7d66dd99103c9ab84f560f5c5
  metrics (0.15.0) sha256=61ded5bac95118e995b1bc9ed4a5f19bc9814928a312a85b200abbdac9039072
  minitar (1.1.0) sha256=38db0cfb6f3801017946cdcd8dc53f2cf3fd41ff752892312bf9a1639c9ea23e
  minitest (6.0.2) sha256=db6e57956f6ecc6134683b4c87467d6dd792323c7f0eea7b93f66bd284adbc3d
  multi_json (1.19.1) sha256=7aefeff8f2c854bf739931a238e4aea64592845e0c0395c8a7d2eea7fdd631b7
  mutex_m (0.3.0) sha256=cfcb04ac16b69c4813777022fdceda24e9f798e48092a2b817eb4c0a782b0751
  nenv (0.3.0) sha256=d9de6d8fb7072228463bf61843159419c969edb34b3cef51832b516ae7972765
  net-http (0.9.1) sha256=25ba0b67c63e89df626ed8fac771d0ad24ad151a858af2cc8e6a716ca4336996
  net-scp (4.1.0) sha256=a99b0b92a1e5d360b0de4ffbf2dc0c91531502d3d4f56c28b0139a7c093d1a5d
  net-ssh (7.3.0) sha256=172076c4b30ce56fb25a03961b0c4da14e1246426401b0f89cba1a3b54bf3ef0
  net-telnet (0.2.0) sha256=253007c0f8dc3fd66e569d53ebbce5ef6e94d6246ab9c04d73a7629b0eebd39a
  nokogiri (1.19.1-aarch64-linux-gnu) sha256=cfdb0eafd9a554a88f12ebcc688d2b9005f9fce42b00b970e3dc199587b27f32
  nokogiri (1.19.1-aarch64-linux-musl) sha256=1e2150ab43c3b373aba76cd1190af7b9e92103564063e48c474f7600923620b5
  nokogiri (1.19.1-arm-linux-gnu) sha256=0a39ed59abe3bf279fab9dd4c6db6fe8af01af0608f6e1f08b8ffa4e5d407fa3
  nokogiri (1.19.1-arm-linux-musl) sha256=3a18e559ee499b064aac6562d98daab3d39ba6cbb4074a1542781b2f556db47d
  nokogiri (1.19.1-arm64-darwin) sha256=dfe2d337e6700eac47290407c289d56bcf85805d128c1b5a6434ddb79731cb9e
  nokogiri (1.19.1-x86_64-darwin) sha256=7093896778cc03efb74b85f915a775862730e887f2e58d6921e3fa3d981e68bf
  nokogiri (1.19.1-x86_64-linux-gnu) sha256=1a4902842a186b4f901078e692d12257678e6133858d0566152fe29cdb98456a
  nokogiri (1.19.1-x86_64-linux-musl) sha256=4267f38ad4fc7e52a2e7ee28ed494e8f9d8eb4f4b3320901d55981c7b995fc23
  nori (2.7.1) sha256=6166cd336959854762073e2fbae888593809cac1b3e904f4fb009313d7226861
  notiffany (0.1.3) sha256=d37669605b7f8dcb04e004e6373e2a780b98c776f8eb503ac9578557d7808738
  octokit (4.25.1) sha256=c02092ee82dcdfe84db0e0ea630a70d32becc54245a4f0bacfd21c010df09b96
  open-uri (0.5.0) sha256=7b4f06fdac39e6946aed15a8da82531580882fbbec80438adcb7c30d388887ca
  openfact (5.5.0) sha256=20621ef1f923de6cc9e8b900dfb51b9836ef83252098bd1acdcac183ec834fde
  openvox (8.25.0) sha256=b0dbbe4581f2fc316959a78da5b4dde2d2cea849a142567ef9e214ffc811a526
  openvox-strings (6.1.0) sha256=719660fea04261096879f944e34e3494b6de4c1cd12fc1b92e838ba062bbf9f5
  ostruct (0.6.3) sha256=95a2ed4a4bd1d190784e666b47b2d3f078e4a9efda2fccf18f84ddc6538ed912
  overcommit (0.68.0) sha256=bfbcd26388e024e10a3d720f03077bc9389fe7c3beac360263b6c77926bcc8d0
  parallel (1.27.0) sha256=4ac151e1806b755fb4e2dc2332cbf0e54f2e24ba821ff2d3dcf86bf6dc4ae130
  parallel_tests (5.6.0) sha256=b2d7af382d1c0289daba65308d9143b3ad82d817d500c0ad1b4bde468beb13af
  parser (3.3.10.2) sha256=6f60c84aa4bdcedb6d1a2434b738fe8a8136807b6adc8f7f53b97da9bc4e9357
  pathspec (2.1.0) sha256=89e186d2aeb8b8237b2ad8ed04bf47907b7acd475afff290d3f271b5f84c4d24
  pp (0.6.3) sha256=2951d514450b93ccfeb1df7d021cae0da16e0a7f95ee1e2273719669d0ab9df6
  prettyprint (0.2.0) sha256=2bc9e15581a94742064a3cc8b0fb9d45aae3d03a1baa6ef80922627a0766f193
  prime (0.1.4) sha256=4d755ebf7c2994a6f3a3fee0d072063be3fff2d4042ebff6cd5eebd4747a225e
  prism (1.9.0) sha256=7b530c6a9f92c24300014919c9dcbc055bf4cdf51ec30aed099b06cd6674ef85
  protocol-hpack (1.5.1) sha256=6feca238b8078da1cd295677d6f306c6001af92d75fe0643d33e6956cbc3ad91
  protocol-http (0.59.0) sha256=90e20ad817cb3ffe947d4fd6194fe0651f385625dcce055386d1c356ee32547b
  protocol-http1 (0.37.0) sha256=5bdd739e28792b341134596f6f5ab21a9d4b395f67bae69e153743eb0e69d123
  protocol-http2 (0.24.0) sha256=65327a019b7e36d2774e94050bf57a43bb60212775d2fcf02ae1d2ed4f01ef28
  protocol-url (0.4.0) sha256=64d4c03b6b51ad815ac6fdaf77a1d91e5baf9220d26becb846c5459dacdea9e1
  pry (0.16.0) sha256=d76c69065698ed1f85e717bd33d7942c38a50868f6b0673c636192b3d1b6054e
  pstore (0.2.1) sha256=03904d0f2c66579e96d1e6704cdabc0c88df7ea8ed8782d9f3569f6f6c702c1a
  psych (5.3.1) sha256=eb7a57cef10c9d70173ff74e739d843ac3b2c019a003de48447b2963d81b1974
  public_suffix (7.0.2) sha256=9114090c8e4e7135c1fd0e7acfea33afaab38101884320c65aaa0ffb8e26a857
  puppet-blacksmith (9.1.0) sha256=d8d2f9e27405663fe2ded66f17434ce5c1e860978ceb8f1bb9adbfd000e07168
  puppet-lint (5.1.1) sha256=1e774edbe95c67aae93974416e0d452d6b5fc2c737196a67dd7e5ab548344486
  puppet-lint-absolute_classname-check (5.0.0) sha256=9a323040c27d3b7f3bd6d69c1b9d3b7143ebbcf85efe134955f267f267fb15c7
  puppet-lint-anchor-check (3.0.0) sha256=71bcff1ef6616a51f4e134b16ab19a3bfb80c80e591aa23182a73d5969079139
  puppet-lint-exec_idempotency-check (2.0.0) sha256=a6f3b7584f494a3a24f9e6d5bb971cb58446bd8b5592fdd9a951b9e620baa46a
  puppet-lint-file_ensure-check (3.0.0) sha256=9bf7a47a8a75175edca832ee7f90d2caa7f7f980d555e7a32c0acaba4b8de489
  puppet-lint-leading_zero-check (3.0.0) sha256=09f0dd2f68e1a10c44c042047e3e391630255620e0337686e0307a9c1b40c118
  puppet-lint-lookup_in_parameter-check (3.0.0) sha256=ba2ddc0dc843026511ab59ff98c07c029ca83c2bc350f06adfdf2c458743788c
  puppet-lint-manifest_whitespace-check (2.0.0) sha256=cd91588aeefa90027f9f326ba1863ebcf3c998143b4a534ddd6fe7ba2f770744
  puppet-lint-optional_default-check (3.0.0) sha256=b38cde4d22bf4c4eddfd11e9309fdd51e1861d64aff4fbaf7d15dfd3782c9c47
  puppet-lint-package_ensure-check (0.2.0) sha256=1260f3e6c24fc8952c039a08537a1a42bdc3f808326977f204019785c5254ebf
  puppet-lint-param-docs (3.0.0) sha256=468bdc6a6d93a0e31462688a0f56c4c1955fb7a645a846c80f56c9d5dd4c5f1a
  puppet-lint-param-types (3.0.0) sha256=108a5290b6bb9cdaebf4de7436ec859130d9fa88ce60db23f95fed9589d6a950
  puppet-lint-params_empty_string-check (3.0.0) sha256=74724e148fe634573caa765997f4ebf2ca08b22837cd76557b2d2d287e7c8b60
  puppet-lint-params_not_optional_with_undef-check (1.0.0) sha256=8a7ee1ae44030c73de65759018439838fc1dfcbb9253ad9070cf770f4f4aace0
  puppet-lint-resource_reference_syntax (3.0.0) sha256=f6dadce9dd02e6c8f0c3d09ebbb1b95f5c8393446c045501449df4756159b700
  puppet-lint-strict_indent-check (5.0.0) sha256=bb20d5c0ddd8314eda531fa0d68b4454afbb27b534586b8a2a7cc291073e9f3b
  puppet-lint-topscope-variable-check (3.0.0) sha256=5ad1dca16b2eeb76838b7ea8009c76999cc4b63d633a0b18b8cceb08180109ef
  puppet-lint-trailing_comma-check (3.0.1) sha256=567cce4650d22896fa64420e1463af0b649ada798633caf64b0227a90b61c41a
  puppet-lint-unquoted_string-check (4.1.0) sha256=98afd4e01f13da6795e6d510973e02bd275471b4ea4970f3aa4e6c980532a3de
  puppet-lint-variable_contains_upcase (3.0.0) sha256=eca505432445a6efad52d1d4da737245aa0b37976a757cd88596c64df2a65d59
  puppet-lint-version_comparison-check (3.0.0) sha256=7217ba1a56e636a361a924e2d30b3eb37470c9c3eb860f6db0625836cfcc218d
  puppet-modulebuilder (2.1.0) sha256=ee7393326fdd828d54730614d18b07ff7a88ec7a46c190e6b86f91f8939b9e4d
  puppet-resource_api (2.0.0) sha256=4649fcb5d5e5f8cbda0887f706b95be5b52a089bcf98ce8ebf0496c3266fd9c4
  puppet-syntax (7.2.0) sha256=f62f84c298fc37a20cca7b7b1155b95016335048bf5f7560121535b6bbad2bdc
  puppet_fixtures (2.2.1) sha256=eb8f8265e654c27e8cf186593df7d7b591cc76684f72a9897a884353f5b37d33
  puppet_metadata (6.0.0) sha256=27f1e9f73b155d606d9a4895f2ec4a020e3c0978b87dca43243a20283679f781
  racc (1.8.1) sha256=4a7f6929691dbec8b5209a0b373bc2614882b55fc5d2e447a21aaa691303d62f
  rainbow (3.1.1) sha256=039491aa3a89f42efa1d6dec2fc4e62ede96eb6acd95e52f1ad581182b79bc6a
  rake (13.3.1) sha256=8c9e89d09f66a26a01264e7e3480ec0607f0c497a861ef16063604b1b08eb19c
  rb-fsevent (0.11.2) sha256=43900b972e7301d6570f64b850a5aa67833ee7d87b458ee92805d56b7318aefe
  rb-inotify (0.11.1) sha256=a0a700441239b0ff18eb65e3866236cd78613d6b9f78fea1f9ac47a85e47be6e
  rdoc (7.2.0) sha256=8650f76cd4009c3b54955eb5d7e3a075c60a57276766ebf36f9085e8c9f23192
  readline (0.0.4) sha256=6138eef17be2b98298b672c3ea63bf9cb5158d401324f26e1e84f235879c1d6a
  regexp_parser (2.11.3) sha256=ca13f381a173b7a93450e53459075c9b76a10433caadcb2f1180f2c741fc55a4
  reline (0.6.3) sha256=1198b04973565b36ec0f11542ab3f5cfeeec34823f4e54cebde90968092b1835
  rexml (3.4.4) sha256=19e0a2c3425dfbf2d4fc1189747bdb2f849b6c5e74180401b15734bc97b5d142
  rgen (0.10.2) sha256=d978f84887a0b4815ff3a0e0c4d43a15cdeeac9fd4da02db8ec3ecd0f222f371
  rspec (3.13.2) sha256=206284a08ad798e61f86d7ca3e376718d52c0bc944626b2349266f239f820587
  rspec-core (3.13.6) sha256=a8823c6411667b60a8bca135364351dda34cd55e44ff94c4be4633b37d828b2d
  rspec-expectations (3.13.5) sha256=33a4d3a1d95060aea4c94e9f237030a8f9eae5615e9bd85718fe3a09e4b58836
  rspec-github (3.0.0) sha256=46af3cd8cad3e4434c20598752b6e721c5325e73d7e36e256379f0d3a85968af
  rspec-its (2.0.0) sha256=a88e8bc38149f2835e93533591ec4f5c829aacbfd41269a2e6f9f5b82f5260df
  rspec-mocks (3.13.7) sha256=0979034e64b1d7a838aaaddf12bf065ea4dc40ef3d4c39f01f93ae2c66c62b1c
  rspec-puppet (5.0.0) sha256=77319621ee0234816dce1eb45f3f09e5b12ef3cc258d11441fda35d21aa78ac1
  rspec-puppet-facts (6.1.0) sha256=247e731775808b6ac27d83c76942e77dac6df0f7bbeec43e4b3b8e7dd12d4b19
  rspec-support (3.13.7) sha256=0640e5570872aafefd79867901deeeeb40b0c9875a36b983d85f54fb7381c47c
  rsync (1.0.9) sha256=bbdb69727a7cf17a26be5dce197d15957dfaf8ed4814811da6b1ef17f0110b5d
  rubocop (1.50.2) sha256=7cfeb0616f686ac61d049beae89f31446792d7e9f5728152657548f70aa78650
  rubocop-ast (1.49.0) sha256=49c3676d3123a0923d333e20c6c2dbaaae2d2287b475273fddee0c61da9f71fd
  rubocop-capybara (2.21.0) sha256=5d264efdd8b6c7081a3d4889decf1451a1cfaaec204d81534e236bc825b280ab
  rubocop-rake (0.6.0) sha256=56b6f22189af4b33d4f4e490a555c09f1281b02f4d48c3a61f6e8fe5f401d8db
  rubocop-rspec (2.20.0) sha256=edd2f3277c0c855ea9595f0eb45d6735c413a8f707f96f106c36370a31c8b579
  ruby-progressbar (1.13.0) sha256=80fc9c47a9b640d6834e0dc7b3c94c9df37f08cb072b7761e4a71e22cff29b33
  rubyntlm (0.6.5) sha256=47013402b99ae29ee93f930af51edaec8c6008556f4be25705a422b4430314f5
  sawyer (0.9.3) sha256=0d0f19298408047037638639fe62f4794483fb04320269169bd41af2bdcf5e41
  scanf (1.0.0) sha256=533db7f7e5acafea1a145d6c5329cef667a58fbcb7d64379a808ff1199ee1b00
  securerandom (0.4.1) sha256=cc5193d414a4341b6e225f0cb4446aceca8e50d5e1888743fac16987638ea0b1
  semantic_puppet (1.1.1) sha256=15ff5b48d7f856549eb66b927a8894d3668b211970c9d7dc07dd4db57f5c7a96
  serverspec (2.43.0) sha256=0207ed5f4066a63767ea7332211e6aaf793c047bb33ad1f7946aa5983d4b8e77
  sfl (2.3) sha256=99739e51c33062e3964e1802a700ee9cd8d0f9c389b2a07f8a5fdf84e186a4e2
  shellany (0.0.1) sha256=0e127a9132698766d7e752e82cdac8250b6adbd09e6c0a7fbbb6f61964fedee7
  singleton (0.3.0) sha256=83ea1bca5f4aa34d00305ab842a7862ea5a8a11c73d362cb52379d94e9615778
  spdx-licenses (1.4.0) sha256=953820f3714b5f998b56a2a663ebeac51667a4017392ad53cd30709e8fa4f67d
  specinfra (2.94.2) sha256=68f809afcadcc1a2c5ae3f28a1714e667ad9b7ebfacad1fda9fc377e9fc56b96
  stringify-hash (0.0.2) sha256=8b599751ffed33c76e236d223ae66e7c8769fe1ccaccac412148d3439e28bbf2
  stringio (3.2.0) sha256=c37cb2e58b4ffbd33fe5cd948c05934af997b36e0b6ca6fdf43afa234cf222e1
  syslog (0.3.0) sha256=4dfe6e7bd5adb6383706bb4ad5a05da1f3a09917a507e8f913c73287085c7408
  thor (1.5.0) sha256=e3a9e55fe857e44859ce104a84675ab6e8cd59c650a49106a05f55f136425e73
  time (0.4.2) sha256=f324e498c3bde9471d45a7d18f874c27980e9867aa5cfca61bebf52262bc3dab
  traces (0.18.2) sha256=80f1649cb4daace1d7174b81f3b3b7427af0b93047759ba349960cb8f315e214
  tsort (0.2.0) sha256=9650a793f6859a43b6641671278f79cfead60ac714148aabe4e3f0060480089f
  tzinfo (2.0.6) sha256=8daf828cc77bcf7d63b0e3bdb6caa47e2272dcfaf4fbfe46f8c3a9df087a829b
  unicode-display_width (2.6.0) sha256=12279874bba6d5e4d2728cef814b19197dbb10d7a7837a869bab65da943b7f5a
  uri (1.1.1) sha256=379fa58d27ffb1387eaada68c749d1426738bd0f654d812fcc07e7568f5c57c6
  voxpupuli-acceptance (4.3.0) sha256=1efcea1b9235b5ba5f3791ad0af6b4fa77871e440c33a48e6feafbff77cba3aa
  voxpupuli-puppet-lint-plugins (7.0.0) sha256=68d903c7b0bd3e27ef246cf0618762f68abeb8b8d700d77804a7546e5c6cfabd
  voxpupuli-release (5.2.0) sha256=63052059d8db01e1c075bd2b9a00ab8c95d5691abb4f9dcd9074fd2b456e395d
  voxpupuli-test (13.2.0) sha256=2eb5fabc69778c83df80782c9854c5b96ab5962e08b21bb1b76a48323ab72276
  winrm (2.3.9) sha256=ef6b767c5772d06e186300b506ea5e65afb849904a551f8482a5cfc2a1be5d06
  yard (0.9.38) sha256=721fb82afb10532aa49860655f6cc2eaa7130889df291b052e1e6b268283010f

BUNDLED WITH
  4.0.7
